# Lightweight lock file check on Linux only.
# The macOS bazel build does not need to duplicate this.
name: Check MODULE.bazel.lock

on:
  pull_request:

jobs:
  Check-Bazel-Lock:
    runs-on: ubuntu-latest
    steps:
      - name: Check out repository code
        uses: actions/checkout@de0fac2e4500dabe0009e67214ff5f5447ce83dd  # v6.0.2

      - name: Update lock file to check for differences
        run: bazelisk mod deps --lockfile_mode=update

      - name: Differences to be addressed
        run: |
          if ! git diff --exit-code -- MODULE.bazel.lock ; then
            msg="MODULE.bazel.lock is out of date. Regenerate with:"
            msg="$msg  bazelisk mod deps --lockfile_mode=update"
            msg="$msg  then commit the updated MODULE.bazel.lock."
            echo "::error file=MODULE.bazel.lock::$msg"
            exit 1
          fi
